Microsoft Visual Studio Solution File, Format Version 12.00
# Visual Studio 15
VisualStudioVersion = 15.0.27130.2027
MinimumVisualStudioVersion = 15.0.26124.0
Project("{9A19103F-16F7-4668-BE54-9A1E7A4F7556}") = "IdentityServer.Blazor.Admin.Server", "src\IdentityServer.Blazor.Admin.Server\IdentityServer.Blazor.Admin.Server.csproj", "{B87772EE-6A67-4694-8D99-27E2413ACEE6}"
EndProject
Project("{9A19103F-16F7-4668-BE54-9A1E7A4F7556}") = "IdentityServer.Blazor.Admin.Client", "src\IdentityServer.Blazor.Admin.Client\IdentityServer.Blazor.Admin.Client.csproj", "{9A6FE39C-C9EC-40CA-8B6F-22D15AA27518}"
EndProject
Project("{9A19103F-16F7-4668-BE54-9A1E7A4F7556}") = "IdentityServer.Blazor.Admin.Shared", "src\IdentityServer.Blazor.Admin.Shared\IdentityServer.Blazor.Admin.Shared.csproj", "{3A971384-EC1B-4D8B-A3D8-D10EC81050DD}"
EndProject
Project("{2150E333-8FDC-42A3-9474-1A3956D46DE8}") = "src", "src", "{F8087CDC-4B0F-4A4B-BA9C-87FE3F7A8931}"
EndProject
Project("{FAE04EC0-301F-11D3-BF4B-00C04F79EFBC}") = "IdentityServer.AspNetIdentity.Blazor.Client", "src\IdentityServer.AspNetIdentity.Blazor.Client\IdentityServer.AspNetIdentity.Blazor.Client.csproj", "{B455AABB-2844-405F-AA22-71CAC1BBDD28}"
EndProject
Project("{FAE04EC0-301F-11D3-BF4B-00C04F79EFBC}") = "IdentityServer.AspNetIdentity.Server", "src\IdentityServer.AspNetIdentity.Server\IdentityServer.AspNetIdentity.Server.csproj", "{8F42FB74-91A8-405D-A10A-C4266EDA4312}"
EndProject
Project("{FAE04EC0-301F-11D3-BF4B-00C04F79EFBC}") = "IdentityServer.AspNetIdentity.Shared", "src\IdentityServer.AspNetIdentity.Shared\IdentityServer.AspNetIdentity.Shared.csproj", "{9F30761B-8606-4E1F-93CD-21E127719200}"
EndProject
Global
	GlobalSection(SolutionConfigurationPlatforms) = preSolution
		Debug|Any CPU = Debug|Any CPU
		Debug|x64 = Debug|x64
		Debug|x86 = Debug|x86
		Release|Any CPU = Release|Any CPU
		Release|x64 = Release|x64
		Release|x86 = Release|x86
	EndGlobalSection
	GlobalSection(ProjectConfigurationPlatforms) = postSolution
		{9A6FE39C-C9EC-40CA-8B6F-22D15AA27518}.Debug|Any CPU.ActiveCfg = Debug|Any CPU
		{9A6FE39C-C9EC-40CA-8B6F-22D15AA27518}.Debug|Any CPU.Build.0 = Debug|Any CPU
		{9A6FE39C-C9EC-40CA-8B6F-22D15AA27518}.Debug|x64.ActiveCfg = Debug|Any CPU
		{9A6FE39C-C9EC-40CA-8B6F-22D15AA27518}.Debug|x64.Build.0 = Debug|Any CPU
		{9A6FE39C-C9EC-40CA-8B6F-22D15AA27518}.Debug|x86.ActiveCfg = Debug|Any CPU
		{9A6FE39C-C9EC-40CA-8B6F-22D15AA27518}.Debug|x86.Build.0 = Debug|Any CPU
		{9A6FE39C-C9EC-40CA-8B6F-22D15AA27518}.Release|Any CPU.ActiveCfg = Release|Any CPU
		{9A6FE39C-C9EC-40CA-8B6F-22D15AA27518}.Release|Any CPU.Build.0 = Release|Any CPU
		{9A6FE39C-C9EC-40CA-8B6F-22D15AA27518}.Release|x64.ActiveCfg = Release|Any CPU
		{9A6FE39C-C9EC-40CA-8B6F-22D15AA27518}.Release|x64.Build.0 = Release|Any CPU
		{9A6FE39C-C9EC-40CA-8B6F-22D15AA27518}.Release|x86.ActiveCfg = Release|Any CPU
		{9A6FE39C-C9EC-40CA-8B6F-22D15AA27518}.Release|x86.Build.0 = Release|Any CPU
		{B87772EE-6A67-4694-8D99-27E2413ACEE6}.Debug|Any CPU.ActiveCfg = Debug|Any CPU
		{B87772EE-6A67-4694-8D99-27E2413ACEE6}.Debug|Any CPU.Build.0 = Debug|Any CPU
		{B87772EE-6A67-4694-8D99-27E2413ACEE6}.Debug|x64.ActiveCfg = Debug|Any CPU
		{B87772EE-6A67-4694-8D99-27E2413ACEE6}.Debug|x64.Build.0 = Debug|Any CPU
		{B87772EE-6A67-4694-8D99-27E2413ACEE6}.Debug|x86.ActiveCfg = Debug|Any CPU
		{B87772EE-6A67-4694-8D99-27E2413ACEE6}.Debug|x86.Build.0 = Debug|Any CPU
		{B87772EE-6A67-4694-8D99-27E2413ACEE6}.Release|Any CPU.ActiveCfg = Release|Any CPU
		{B87772EE-6A67-4694-8D99-27E2413ACEE6}.Release|Any CPU.Build.0 = Release|Any CPU
		{B87772EE-6A67-4694-8D99-27E2413ACEE6}.Release|x64.ActiveCfg = Release|Any CPU
		{B87772EE-6A67-4694-8D99-27E2413ACEE6}.Release|x64.Build.0 = Release|Any CPU
		{B87772EE-6A67-4694-8D99-27E2413ACEE6}.Release|x86.ActiveCfg = Release|Any CPU
		{B87772EE-6A67-4694-8D99-27E2413ACEE6}.Release|x86.Build.0 = Release|Any CPU
		{3A971384-EC1B-4D8B-A3D8-D10EC81050DD}.Debug|Any CPU.ActiveCfg = Debug|Any CPU
		{3A971384-EC1B-4D8B-A3D8-D10EC81050DD}.Debug|Any CPU.Build.0 = Debug|Any CPU
		{3A971384-EC1B-4D8B-A3D8-D10EC81050DD}.Debug|x64.ActiveCfg = Debug|Any CPU
		{3A971384-EC1B-4D8B-A3D8-D10EC81050DD}.Debug|x64.Build.0 = Debug|Any CPU
		{3A971384-EC1B-4D8B-A3D8-D10EC81050DD}.Debug|x86.ActiveCfg = Debug|Any CPU
		{3A971384-EC1B-4D8B-A3D8-D10EC81050DD}.Debug|x86.Build.0 = Debug|Any CPU
		{3A971384-EC1B-4D8B-A3D8-D10EC81050DD}.Release|Any CPU.ActiveCfg = Release|Any CPU
		{3A971384-EC1B-4D8B-A3D8-D10EC81050DD}.Release|Any CPU.Build.0 = Release|Any CPU
		{3A971384-EC1B-4D8B-A3D8-D10EC81050DD}.Release|x64.ActiveCfg = Release|Any CPU
		{3A971384-EC1B-4D8B-A3D8-D10EC81050DD}.Release|x64.Build.0 = Release|Any CPU
		{3A971384-EC1B-4D8B-A3D8-D10EC81050DD}.Release|x86.ActiveCfg = Release|Any CPU
		{3A971384-EC1B-4D8B-A3D8-D10EC81050DD}.Release|x86.Build.0 = Release|Any CPU
		{B455AABB-2844-405F-AA22-71CAC1BBDD28}.Debug|Any CPU.ActiveCfg = Debug|Any CPU
		{B455AABB-2844-405F-AA22-71CAC1BBDD28}.Debug|Any CPU.Build.0 = Debug|Any CPU
		{B455AABB-2844-405F-AA22-71CAC1BBDD28}.Debug|x64.ActiveCfg = Debug|Any CPU
		{B455AABB-2844-405F-AA22-71CAC1BBDD28}.Debug|x64.Build.0 = Debug|Any CPU
		{B455AABB-2844-405F-AA22-71CAC1BBDD28}.Debug|x86.ActiveCfg = Debug|Any CPU
		{B455AABB-2844-405F-AA22-71CAC1BBDD28}.Debug|x86.Build.0 = Debug|Any CPU
		{B455AABB-2844-405F-AA22-71CAC1BBDD28}.Release|Any CPU.ActiveCfg = Release|Any CPU
		{B455AABB-2844-405F-AA22-71CAC1BBDD28}.Release|Any CPU.Build.0 = Release|Any CPU
		{B455AABB-2844-405F-AA22-71CAC1BBDD28}.Release|x64.ActiveCfg = Release|Any CPU
		{B455AABB-2844-405F-AA22-71CAC1BBDD28}.Release|x64.Build.0 = Release|Any CPU
		{B455AABB-2844-405F-AA22-71CAC1BBDD28}.Release|x86.ActiveCfg = Release|Any CPU
		{B455AABB-2844-405F-AA22-71CAC1BBDD28}.Release|x86.Build.0 = Release|Any CPU
		{8F42FB74-91A8-405D-A10A-C4266EDA4312}.Debug|Any CPU.ActiveCfg = Debug|Any CPU
		{8F42FB74-91A8-405D-A10A-C4266EDA4312}.Debug|Any CPU.Build.0 = Debug|Any CPU
		{8F42FB74-91A8-405D-A10A-C4266EDA4312}.Debug|x64.ActiveCfg = Debug|Any CPU
		{8F42FB74-91A8-405D-A10A-C4266EDA4312}.Debug|x64.Build.0 = Debug|Any CPU
		{8F42FB74-91A8-405D-A10A-C4266EDA4312}.Debug|x86.ActiveCfg = Debug|Any CPU
		{8F42FB74-91A8-405D-A10A-C4266EDA4312}.Debug|x86.Build.0 = Debug|Any CPU
		{8F42FB74-91A8-405D-A10A-C4266EDA4312}.Release|Any CPU.ActiveCfg = Release|Any CPU
		{8F42FB74-91A8-405D-A10A-C4266EDA4312}.Release|Any CPU.Build.0 = Release|Any CPU
		{8F42FB74-91A8-405D-A10A-C4266EDA4312}.Release|x64.ActiveCfg = Release|Any CPU
		{8F42FB74-91A8-405D-A10A-C4266EDA4312}.Release|x64.Build.0 = Release|Any CPU
		{8F42FB74-91A8-405D-A10A-C4266EDA4312}.Release|x86.ActiveCfg = Release|Any CPU
		{8F42FB74-91A8-405D-A10A-C4266EDA4312}.Release|x86.Build.0 = Release|Any CPU
		{9F30761B-8606-4E1F-93CD-21E127719200}.Debug|Any CPU.ActiveCfg = Debug|Any CPU
		{9F30761B-8606-4E1F-93CD-21E127719200}.Debug|Any CPU.Build.0 = Debug|Any CPU
		{9F30761B-8606-4E1F-93CD-21E127719200}.Debug|x64.ActiveCfg = Debug|Any CPU
		{9F30761B-8606-4E1F-93CD-21E127719200}.Debug|x64.Build.0 = Debug|Any CPU
		{9F30761B-8606-4E1F-93CD-21E127719200}.Debug|x86.ActiveCfg = Debug|Any CPU
		{9F30761B-8606-4E1F-93CD-21E127719200}.Debug|x86.Build.0 = Debug|Any CPU
		{9F30761B-8606-4E1F-93CD-21E127719200}.Release|Any CPU.ActiveCfg = Release|Any CPU
		{9F30761B-8606-4E1F-93CD-21E127719200}.Release|Any CPU.Build.0 = Release|Any CPU
		{9F30761B-8606-4E1F-93CD-21E127719200}.Release|x64.ActiveCfg = Release|Any CPU
		{9F30761B-8606-4E1F-93CD-21E127719200}.Release|x64.Build.0 = Release|Any CPU
		{9F30761B-8606-4E1F-93CD-21E127719200}.Release|x86.ActiveCfg = Release|Any CPU
		{9F30761B-8606-4E1F-93CD-21E127719200}.Release|x86.Build.0 = Release|Any CPU
	EndGlobalSection
	GlobalSection(SolutionProperties) = preSolution
		HideSolutionNode = FALSE
	EndGlobalSection
	GlobalSection(ExtensibilityGlobals) = postSolution
		SolutionGuid = {3A787626-95B1-46A1-B989-B7E381EBB2E0}
	EndGlobalSection
	GlobalSection(NestedProjects) = preSolution
		{B455AABB-2844-405F-AA22-71CAC1BBDD28} = {F8087CDC-4B0F-4A4B-BA9C-87FE3F7A8931}
		{8F42FB74-91A8-405D-A10A-C4266EDA4312} = {F8087CDC-4B0F-4A4B-BA9C-87FE3F7A8931}
		{9F30761B-8606-4E1F-93CD-21E127719200} = {F8087CDC-4B0F-4A4B-BA9C-87FE3F7A8931}
	EndGlobalSection
EndGlobal
